// !$*UTF8*$!
{
	archiveVersion = 1;
	classes = {
	};
	objectVersion = 60;
	objects = {

/* Begin PBXBuildFile section */
		110000000000000000000001 /* ShowTraceApp.swift in Sources */ = {isa = PBXBuildFile; fileRef = 110000000000000000000101 /* ShowTraceApp.swift */; };
		110000000000000000000002 /* ContentView.swift in Sources */ = {isa = PBXBuildFile; fileRef = 110000000000000000000102 /* ContentView.swift */; };
		110000000000000000000003 /* Models.swift in Sources */ = {isa = PBXBuildFile; fileRef = 110000000000000000000103 /* Models.swift */; };
		110000000000000000000004 /* AppSettings.swift in Sources */ = {isa = PBXBuildFile; fileRef = 110000000000000000000104 /* AppSettings.swift */; };
		110000000000000000000005 /* APIClient.swift in Sources */ = {isa = PBXBuildFile; fileRef = 110000000000000000000105 /* APIClient.swift */; };
		110000000000000000000006 /* EventsView.swift in Sources */ = {isa = PBXBuildFile; fileRef = 110000000000000000000106 /* EventsView.swift */; };
		110000000000000000000007 /* EventCard.swift in Sources */ = {isa = PBXBuildFile; fileRef = 110000000000000000000107 /* EventCard.swift */; };
		110000000000000000000008 /* DigestView.swift in Sources */ = {isa = PBXBuildFile; fileRef = 110000000000000000000108 /* DigestView.swift */; };
		110000000000000000000009 /* SubscriptionView.swift in Sources */ = {isa = PBXBuildFile; fileRef = 110000000000000000000109 /* SubscriptionView.swift */; };
		11000000000000000000000A /* PreferencesView.swift in Sources */ = {isa = PBXBuildFile; fileRef = 11000000000000000000010A /* PreferencesView.swift */; };
		11000000000000000000000B /* SettingsView.swift in Sources */ = {isa = PBXBuildFile; fileRef = 11000000000000000000010B /* SettingsView.swift */; };
		11000000000000000000000C /* SharedViews.swift in Sources */ = {isa = PBXBuildFile; fileRef = 11000000000000000000010C /* SharedViews.swift */; };
		11000000000000000000000D /* TodayView.swift in Sources */ = {isa = PBXBuildFile; fileRef = 11000000000000000000010F /* TodayView.swift */; };
		11000000000000000000000E /* RunsView.swift in Sources */ = {isa = PBXBuildFile; fileRef = 110000000000000000000110 /* RunsView.swift */; };
/* End PBXBuildFile section */

/* Begin PBXFileReference section */
		110000000000000000000101 /* ShowTraceApp.swift */ = {isa = PBXFileReference; lastKnownFileType = sourcecode.swift; path = ShowTraceApp.swift; sourceTree = "<group>"; };
		110000000000000000000102 /* ContentView.swift */ = {isa = PBXFileReference; lastKnownFileType = sourcecode.swift; path = ContentView.swift; sourceTree = "<group>"; };
		110000000000000000000103 /* Models.swift */ = {isa = PBXFileReference; lastKnownFileType = sourcecode.swift; path = Models.swift; sourceTree = "<group>"; };
		110000000000000000000104 /* AppSettings.swift */ = {isa = PBXFileReference; lastKnownFileType = sourcecode.swift; path = AppSettings.swift; sourceTree = "<group>"; };
		110000000000000000000105 /* APIClient.swift */ = {isa = PBXFileReference; lastKnownFileType = sourcecode.swift; path = APIClient.swift; sourceTree = "<group>"; };
		110000000000000000000106 /* EventsView.swift */ = {isa = PBXFileReference; lastKnownFileType = sourcecode.swift; path = EventsView.swift; sourceTree = "<group>"; };
		110000000000000000000107 /* EventCard.swift */ = {isa = PBXFileReference; lastKnownFileType = sourcecode.swift; path = EventCard.swift; sourceTree = "<group>"; };
		110000000000000000000108 /* DigestView.swift */ = {isa = PBXFileReference; lastKnownFileType = sourcecode.swift; path = DigestView.swift; sourceTree = "<group>"; };
		110000000000000000000109 /* SubscriptionView.swift */ = {isa = PBXFileReference; lastKnownFileType = sourcecode.swift; path = SubscriptionView.swift; sourceTree = "<group>"; };
		11000000000000000000010A /* PreferencesView.swift */ = {isa = PBXFileReference; lastKnownFileType = sourcecode.swift; path = PreferencesView.swift; sourceTree = "<group>"; };
		11000000000000000000010B /* SettingsView.swift */ = {isa = PBXFileReference; lastKnownFileType = sourcecode.swift; path = SettingsView.swift; sourceTree = "<group>"; };
		11000000000000000000010C /* SharedViews.swift */ = {isa = PBXFileReference; lastKnownFileType = sourcecode.swift; path = SharedViews.swift; sourceTree = "<group>"; };
		11000000000000000000010D /* Info.plist */ = {isa = PBXFileReference; lastKnownFileType = text.plist.xml; path = Info.plist; sourceTree = "<group>"; };
		11000000000000000000010E /* ShowTraceApp.app */ = {isa = PBXFileReference; explicitFileType = wrapper.application; includeInIndex = 0; path = ShowTraceApp.app; sourceTree = BUILT_PRODUCTS_DIR; };
		11000000000000000000010F /* TodayView.swift */ = {isa = PBXFileReference; lastKnownFileType = sourcecode.swift; path = TodayView.swift; sourceTree = "<group>"; };
		110000000000000000000110 /* RunsView.swift */ = {isa = PBXFileReference; lastKnownFileType = sourcecode.swift; path = RunsView.swift; sourceTree = "<group>"; };
/* End PBXFileReference section */

/* Begin PBXFrameworksBuildPhase section */
		110000000000000000000201 /* Frameworks */ = {
			isa = PBXFrameworksBuildPhase;
			buildActionMask = 2147483647;
			files = (
			);
			runOnlyForDeploymentPostprocessing = 0;
		};
/* End PBXFrameworksBuildPhase section */

/* Begin PBXGroup section */
		110000000000000000000301 = {
			isa = PBXGroup;
			children = (
				110000000000000000000302 /* ShowTraceApp */,
				110000000000000000000303 /* Products */,
			);
			sourceTree = "<group>";
		};
		110000000000000000000302 /* ShowTraceApp */ = {
			isa = PBXGroup;
			children = (
				110000000000000000000101 /* ShowTraceApp.swift */,
				110000000000000000000102 /* ContentView.swift */,
				110000000000000000000304 /* Models */,
				110000000000000000000305 /* Services */,
				110000000000000000000306 /* Views */,
				11000000000000000000010D /* Info.plist */,
			);
			path = ShowTraceApp;
			sourceTree = "<group>";
		};
		110000000000000000000303 /* Products */ = {
			isa = PBXGroup;
			children = (
				11000000000000000000010E /* ShowTraceApp.app */,
			);
			name = Products;
			sourceTree = "<group>";
		};
		110000000000000000000304 /* Models */ = {
			isa = PBXGroup;
			children = (
				110000000000000000000103 /* Models.swift */,
			);
			path = Models;
			sourceTree = "<group>";
		};
		110000000000000000000305 /* Services */ = {
			isa = PBXGroup;
			children = (
				110000000000000000000104 /* AppSettings.swift */,
				110000000000000000000105 /* APIClient.swift */,
			);
			path = Services;
			sourceTree = "<group>";
		};
		110000000000000000000306 /* Views */ = {
			isa = PBXGroup;
			children = (
				11000000000000000000010F /* TodayView.swift */,
				110000000000000000000106 /* EventsView.swift */,
				110000000000000000000107 /* EventCard.swift */,
				110000000000000000000108 /* DigestView.swift */,
				110000000000000000000109 /* SubscriptionView.swift */,
				11000000000000000000010A /* PreferencesView.swift */,
				11000000000000000000010B /* SettingsView.swift */,
				110000000000000000000110 /* RunsView.swift */,
				11000000000000000000010C /* SharedViews.swift */,
			);
			path = Views;
			sourceTree = "<group>";
		};
/* End PBXGroup section */

/* Begin PBXNativeTarget section */
		110000000000000000000401 /* ShowTraceApp */ = {
			isa = PBXNativeTarget;
			buildConfigurationList = 110000000000000000000701 /* Build configuration list for PBXNativeTarget "ShowTraceApp" */;
			buildPhases = (
				110000000000000000000501 /* Sources */,
				110000000000000000000201 /* Frameworks */,
				110000000000000000000502 /* Resources */,
			);
			buildRules = (
			);
			dependencies = (
			);
			name = ShowTraceApp;
			productName = ShowTraceApp;
			productReference = 11000000000000000000010E /* ShowTraceApp.app */;
			productType = "com.apple.product-type.application";
		};
/* End PBXNativeTarget section */

/* Begin PBXProject section */
		110000000000000000000601 /* Project object */ = {
			isa = PBXProject;
			attributes = {
				BuildIndependentTargetsInParallel = 1;
				LastSwiftUpdateCheck = 1500;
				LastUpgradeCheck = 1500;
				TargetAttributes = {
					110000000000000000000401 = {
						CreatedOnToolsVersion = 15.0;
					};
				};
			};
			buildConfigurationList = 110000000000000000000702 /* Build configuration list for PBXProject "ShowTraceApp" */;
			compatibilityVersion = "Xcode 15.0";
			developmentRegion = en;
			hasScannedForEncodings = 0;
			knownRegions = (
				en,
				Base,
			);
			mainGroup = 110000000000000000000301;
			productRefGroup = 110000000000000000000303 /* Products */;
			projectDirPath = "";
			projectRoot = "";
			targets = (
				110000000000000000000401 /* ShowTraceApp */,
			);
		};
/* End PBXProject section */

/* Begin PBXResourcesBuildPhase section */
		110000000000000000000502 /* Resources */ = {
			isa = PBXResourcesBuildPhase;
			buildActionMask = 2147483647;
			files = (
			);
			runOnlyForDeploymentPostprocessing = 0;
		};
/* End PBXResourcesBuildPhase section */

/* Begin PBXSourcesBuildPhase section */
		110000000000000000000501 /* Sources */ = {
			isa = PBXSourcesBuildPhase;
			buildActionMask = 2147483647;
			files = (
				110000000000000000000001 /* ShowTraceApp.swift in Sources */,
				110000000000000000000002 /* ContentView.swift in Sources */,
				110000000000000000000003 /* Models.swift in Sources */,
				110000000000000000000004 /* AppSettings.swift in Sources */,
				110000000000000000000005 /* APIClient.swift in Sources */,
				110000000000000000000006 /* EventsView.swift in Sources */,
				110000000000000000000007 /* EventCard.swift in Sources */,
				110000000000000000000008 /* DigestView.swift in Sources */,
				110000000000000000000009 /* SubscriptionView.swift in Sources */,
				11000000000000000000000A /* PreferencesView.swift in Sources */,
				11000000000000000000000B /* SettingsView.swift in Sources */,
				11000000000000000000000C /* SharedViews.swift in Sources */,
				11000000000000000000000D /* TodayView.swift in Sources */,
				11000000000000000000000E /* RunsView.swift in Sources */,
			);
			runOnlyForDeploymentPostprocessing = 0;
		};
/* End PBXSourcesBuildPhase section */

/* Begin XCBuildConfiguration section */
		110000000000000000000801 /* Debug */ = {
			isa = XCBuildConfiguration;
			buildSettings = {
				ALWAYS_SEARCH_USER_PATHS = NO;
				CLANG_ANALYZER_NONNULL = YES;
				CLANG_ANALYZER_NUMBER_OBJECT_CONVERSION = YES_AGGRESSIVE;
				CLANG_CXX_LANGUAGE_STANDARD = "gnu++20";
				CLANG_ENABLE_MODULES = YES;
				CLANG_ENABLE_OBJC_ARC = YES;
				CLANG_ENABLE_OBJC_WEAK = YES;
				CLANG_WARN_BLOCK_CAPTURE_AUTORELEASING = YES;
				CLANG_WARN_BOOL_CONVERSION = YES;
				CLANG_WARN_COMMA = YES;
				CLANG_WARN_CONSTANT_CONVERSION = YES;
				CLANG_WARN_DEPRECATED_OBJC_IMPLEMENTATIONS = YES;
				CLANG_WARN_DIRECT_OBJC_ISA_USAGE = YES_ERROR;
				CLANG_WARN_DOCUMENTATION_COMMENTS = YES;
				CLANG_WARN_EMPTY_BODY = YES;
				CLANG_WARN_ENUM_CONVERSION = YES;
				CLANG_WARN_INFINITE_RECURSION = YES;
				CLANG_WARN_INT_CONVERSION = YES;
				CLANG_WARN_NON_LITERAL_NULL_CONVERSION = YES;
				CLANG_WARN_OBJC_IMPLICIT_RETAIN_SELF = YES;
				CLANG_WARN_OBJC_LITERAL_CONVERSION = YES;
				CLANG_WARN_OBJC_ROOT_CLASS = YES_ERROR;
				CLANG_WARN_QUOTED_INCLUDE_IN_FRAMEWORK_HEADER = YES;
				CLANG_WARN_RANGE_LOOP_ANALYSIS = YES;
				CLANG_WARN_STRICT_PROTOTYPES = YES;
				CLANG_WARN_SUSPICIOUS_MOVE = YES;
				CLANG_WARN_UNGUARDED_AVAILABILITY = YES_AGGRESSIVE;
				CLANG_WARN_UNREACHABLE_CODE = YES;
				COPY_PHASE_STRIP = NO;
				DEBUG_INFORMATION_FORMAT = dwarf;
				ENABLE_STRICT_OBJC_MSGSEND = YES;
				ENABLE_TESTABILITY = YES;
				ENABLE_USER_SCRIPT_SANDBOXING = YES;
				GCC_C_LANGUAGE_STANDARD = gnu17;
				GCC_DYNAMIC_NO_PIC = NO;
				GCC_NO_COMMON_BLOCKS = YES;
				GCC_OPTIMIZATION_LEVEL = 0;
				GCC_PREPROCESSOR_DEFINITIONS = (
					"DEBUG=1",
					"$(inherited)",
				);
				GCC_WARN_64_TO_32_BIT_CONVERSION = YES;
				GCC_WARN_ABOUT_RETURN_TYPE = YES_ERROR;
				GCC_WARN_UNDECLARED_SELECTOR = YES;
				GCC_WARN_UNINITIALIZED_AUTOS = YES_AGGRESSIVE;
				GCC_WARN_UNUSED_FUNCTION = YES;
				GCC_WARN_UNUSED_VARIABLE = YES;
				IPHONEOS_DEPLOYMENT_TARGET = 17.0;
				MTL_ENABLE_DEBUG_INFO = INCLUDE_SOURCE;
				MTL_FAST_MATH = YES;
				ONLY_ACTIVE_ARCH = YES;
				SDKROOT = iphoneos;
				SWIFT_ACTIVE_COMPILATION_CONDITIONS = DEBUG;
				SWIFT_OPTIMIZATION_LEVEL = "-Onone";
			};
			name = Debug;
		};
		110000000000000000000802 /* Release */ = {
			isa = XCBuildConfiguration;
			buildSettings = {
				ALWAYS_SEARCH_USER_PATHS = NO;
				CLANG_ANALYZER_NONNULL = YES;
				CLANG_ANALYZER_NUMBER_OBJECT_CONVERSION = YES_AGGRESSIVE;
				CLANG_CXX_LANGUAGE_STANDARD = "gnu++20";
				CLANG_ENABLE_MODULES = YES;
				CLANG_ENABLE_OBJC_ARC = YES;
				CLANG_ENABLE_OBJC_WEAK = YES;
				CLANG_WARN_BLOCK_CAPTURE_AUTORELEASING = YES;
				CLANG_WARN_BOOL_CONVERSION = YES;
				CLANG_WARN_COMMA = YES;
				CLANG_WARN_CONSTANT_CONVERSION = YES;
				CLANG_WARN_DEPRECATED_OBJC_IMPLEMENTATIONS = YES;
				CLANG_WARN_DIRECT_OBJC_ISA_USAGE = YES_ERROR;
				CLANG_WARN_DOCUMENTATION_COMMENTS = YES;
				CLANG_WARN_EMPTY_BODY = YES;
				CLANG_WARN_ENUM_CONVERSION = YES;
				CLANG_WARN_INFINITE_RECURSION = YES;
				CLANG_WARN_INT_CONVERSION = YES;
				CLANG_WARN_NON_LITERAL_NULL_CONVERSION = YES;
				CLANG_WARN_OBJC_IMPLICIT_RETAIN_SELF = YES;
				CLANG_WARN_OBJC_LITERAL_CONVERSION = YES;
				CLANG_WARN_OBJC_ROOT_CLASS = YES_ERROR;
				CLANG_WARN_QUOTED_INCLUDE_IN_FRAMEWORK_HEADER = YES;
				CLANG_WARN_RANGE_LOOP_ANALYSIS = YES;
				CLANG_WARN_STRICT_PROTOTYPES = YES;
				CLANG_WARN_SUSPICIOUS_MOVE = YES;
				CLANG_WARN_UNGUARDED_AVAILABILITY = YES_AGGRESSIVE;
				CLANG_WARN_UNREACHABLE_CODE = YES;
				COPY_PHASE_STRIP = NO;
				DEBUG_INFORMATION_FORMAT = "dwarf-with-dsym";
				ENABLE_NS_ASSERTIONS = NO;
				ENABLE_STRICT_OBJC_MSGSEND = YES;
				ENABLE_USER_SCRIPT_SANDBOXING = YES;
				GCC_C_LANGUAGE_STANDARD = gnu17;
				GCC_NO_COMMON_BLOCKS = YES;
				GCC_WARN_64_TO_32_BIT_CONVERSION = YES;
				GCC_WARN_ABOUT_RETURN_TYPE = YES_ERROR;
				GCC_WARN_UNDECLARED_SELECTOR = YES;
				GCC_WARN_UNINITIALIZED_AUTOS = YES_AGGRESSIVE;
				GCC_WARN_UNUSED_FUNCTION = YES;
				GCC_WARN_UNUSED_VARIABLE = YES;
				IPHONEOS_DEPLOYMENT_TARGET = 17.0;
				MTL_ENABLE_DEBUG_INFO = NO;
				MTL_FAST_MATH = YES;
				SDKROOT = iphoneos;
				SWIFT_COMPILATION_MODE = wholemodule;
				SWIFT_OPTIMIZATION_LEVEL = "-O";
				VALIDATE_PRODUCT = YES;
			};
			name = Release;
		};
		110000000000000000000803 /* Debug */ = {
			isa = XCBuildConfiguration;
			buildSettings = {
				CODE_SIGN_STYLE = Automatic;
				CURRENT_PROJECT_VERSION = 1;
				DEVELOPMENT_TEAM = YGQ9DJZ963;
				GENERATE_INFOPLIST_FILE = NO;
				INFOPLIST_FILE = ShowTraceApp/Info.plist;
				IPHONEOS_DEPLOYMENT_TARGET = 17.0;
				MARKETING_VERSION = 1.0;
				PRODUCT_BUNDLE_IDENTIFIER = com.henson.showtrace;
				PRODUCT_NAME = "$(TARGET_NAME)";
				SUPPORTED_PLATFORMS = "iphoneos iphonesimulator";
				SUPPORTS_MACCATALYST = NO;
				SWIFT_VERSION = 5.0;
				TARGETED_DEVICE_FAMILY = 1;
			};
			name = Debug;
		};
		110000000000000000000804 /* Release */ = {
			isa = XCBuildConfiguration;
			buildSettings = {
				CODE_SIGN_STYLE = Automatic;
				CURRENT_PROJECT_VERSION = 1;
				DEVELOPMENT_TEAM = YGQ9DJZ963;
				GENERATE_INFOPLIST_FILE = NO;
				INFOPLIST_FILE = ShowTraceApp/Info.plist;
				IPHONEOS_DEPLOYMENT_TARGET = 17.0;
				MARKETING_VERSION = 1.0;
				PRODUCT_BUNDLE_IDENTIFIER = com.henson.showtrace;
				PRODUCT_NAME = "$(TARGET_NAME)";
				SUPPORTED_PLATFORMS = "iphoneos iphonesimulator";
				SUPPORTS_MACCATALYST = NO;
				SWIFT_VERSION = 5.0;
				TARGETED_DEVICE_FAMILY = 1;
			};
			name = Release;
		};
/* End XCBuildConfiguration section */

/* Begin XCConfigurationList section */
		110000000000000000000701 /* Build configuration list for PBXNativeTarget "ShowTraceApp" */ = {
			isa = XCConfigurationList;
			buildConfigurations = (
				110000000000000000000803 /* Debug */,
				110000000000000000000804 /* Release */,
			);
			defaultConfigurationIsVisible = 0;
			defaultConfigurationName = Release;
		};
		110000000000000000000702 /* Build configuration list for PBXProject "ShowTraceApp" */ = {
			isa = XCConfigurationList;
			buildConfigurations = (
				110000000000000000000801 /* Debug */,
				110000000000000000000802 /* Release */,
			);
			defaultConfigurationIsVisible = 0;
			defaultConfigurationName = Release;
		};
/* End XCConfigurationList section */
	};
	rootObject = 110000000000000000000601 /* Project object */;
}
